
Microsoft Visual Studio Solution File, Format Version 12.00
# Visual Studio Version 16
VisualStudioVersion = 16.0.30621.155
MinimumVisualStudioVersion = 10.0.40219.1
Project("{9A19103F-16F7-4668-BE54-9A1E7A4F7556}") = "WebAPI-EmployeeInformation", "WebAPI-EmployeeInformation\WebAPI-EmployeeInformation.csproj", "{5E63303B-7C57-4334-8D54-35C9C77037F4}"
EndProject
Project("{FAE04EC0-301F-11D3-BF4B-00C04F79EFBC}") = "EmployeeInformationUnitTests", "EmployeeInformationUnitTests\EmployeeInformationUnitTests.csproj", "{CCDA3238-3186-4969-8C98-ACE921D37429}"
EndProject
Global
	GlobalSection(SolutionConfigurationPlatforms) = preSolution
		Debug|Any CPU = Debug|Any CPU
		Release|Any CPU = Release|Any CPU
	EndGlobalSection
	GlobalSection(ProjectConfigurationPlatforms) = postSolution
		{5E63303B-7C57-4334-8D54-35C9C77037F4}.Debug|Any CPU.ActiveCfg = Debug|Any CPU
		{5E63303B-7C57-4334-8D54-35C9C77037F4}.Debug|Any CPU.Build.0 = Debug|Any CPU
		{5E63303B-7C57-4334-8D54-35C9C77037F4}.Release|Any CPU.ActiveCfg = Release|Any CPU
		{5E63303B-7C57-4334-8D54-35C9C77037F4}.Release|Any CPU.Build.0 = Release|Any CPU
		{CCDA3238-3186-4969-8C98-ACE921D37429}.Debug|Any CPU.ActiveCfg = Debug|Any CPU
		{CCDA3238-3186-4969-8C98-ACE921D37429}.Debug|Any CPU.Build.0 = Debug|Any CPU
		{CCDA3238-3186-4969-8C98-ACE921D37429}.Release|Any CPU.ActiveCfg = Release|Any CPU
		{CCDA3238-3186-4969-8C98-ACE921D37429}.Release|Any CPU.Build.0 = Release|Any CPU
	EndGlobalSection
	GlobalSection(SolutionProperties) = preSolution
		HideSolutionNode = FALSE
	EndGlobalSection
	GlobalSection(ExtensibilityGlobals) = postSolution
		SolutionGuid = {EDEF8973-D06E-415B-BB27-A96F3228B74F}
	EndGlobalSection
EndGlobal
